
Microsoft Visual Studio Solution File, Format Version 12.00
# Visual Studio 15
VisualStudioVersion = 15.0.27130.2036
MinimumVisualStudioVersion = 10.0.40219.1
Project("{FAE04EC0-301F-11D3-BF4B-00C04F79EFBC}") = "ByteDev.Io", "ByteDev.Io\ByteDev.Io.csproj", "{3D21595C-C100-41F4-AF14-4BAF5016CB7B}"
EndProject
Project("{FAE04EC0-301F-11D3-BF4B-00C04F79EFBC}") = "ByteDev.Io.UnitTests", "ByteDev.Io.UnitTests\ByteDev.Io.UnitTests.csproj", "{5F97FB91-62E8-4614-AE60-621D02A75871}"
EndProject
Project("{FAE04EC0-301F-11D3-BF4B-00C04F79EFBC}") = "ByteDev.Io.IntTests", "ByteDev.Io.IntTests\ByteDev.Io.IntTests.csproj", "{82A967E6-41D2-44DD-BBD1-BD425B313611}"
EndProject
Project("{2150E333-8FDC-42A3-9474-1A3956D46DE8}") = "Tests", "Tests", "{78207A9F-B975-49A2-96D4-D8C11A0D709B}"
EndProject
Project("{2150E333-8FDC-42A3-9474-1A3956D46DE8}") = "Docs", "Docs", "{4620C436-C894-4173-82D6-BD6B50C0CFA2}"
	ProjectSection(SolutionItems) = preProject
		..\README.md = ..\README.md
	EndProjectSection
EndProject
Global
	GlobalSection(SolutionConfigurationPlatforms) = preSolution
		Debug|Any CPU = Debug|Any CPU
		Release|Any CPU = Release|Any CPU
	EndGlobalSection
	GlobalSection(ProjectConfigurationPlatforms) = postSolution
		{3D21595C-C100-41F4-AF14-4BAF5016CB7B}.Debug|Any CPU.ActiveCfg = Debug|Any CPU
		{3D21595C-C100-41F4-AF14-4BAF5016CB7B}.Debug|Any CPU.Build.0 = Debug|Any CPU
		{3D21595C-C100-41F4-AF14-4BAF5016CB7B}.Release|Any CPU.ActiveCfg = Release|Any CPU
		{3D21595C-C100-41F4-AF14-4BAF5016CB7B}.Release|Any CPU.Build.0 = Release|Any CPU
		{5F97FB91-62E8-4614-AE60-621D02A75871}.Debug|Any CPU.ActiveCfg = Debug|Any CPU
		{5F97FB91-62E8-4614-AE60-621D02A75871}.Debug|Any CPU.Build.0 = Debug|Any CPU
		{5F97FB91-62E8-4614-AE60-621D02A75871}.Release|Any CPU.ActiveCfg = Release|Any CPU
		{5F97FB91-62E8-4614-AE60-621D02A75871}.Release|Any CPU.Build.0 = Release|Any CPU
		{82A967E6-41D2-44DD-BBD1-BD425B313611}.Debug|Any CPU.ActiveCfg = Debug|Any CPU
		{82A967E6-41D2-44DD-BBD1-BD425B313611}.Debug|Any CPU.Build.0 = Debug|Any CPU
		{82A967E6-41D2-44DD-BBD1-BD425B313611}.Release|Any CPU.ActiveCfg = Release|Any CPU
		{82A967E6-41D2-44DD-BBD1-BD425B313611}.Release|Any CPU.Build.0 = Release|Any CPU
	EndGlobalSection
	GlobalSection(SolutionProperties) = preSolution
		HideSolutionNode = FALSE
	EndGlobalSection
	GlobalSection(NestedProjects) = preSolution
		{5F97FB91-62E8-4614-AE60-621D02A75871} = {78207A9F-B975-49A2-96D4-D8C11A0D709B}
		{82A967E6-41D2-44DD-BBD1-BD425B313611} = {78207A9F-B975-49A2-96D4-D8C11A0D709B}
	EndGlobalSection
	GlobalSection(ExtensibilityGlobals) = postSolution
		SolutionGuid = {959285D9-55E0-4EE5-AEEB-75355EEA9076}
	EndGlobalSection
EndGlobal
